
Microsoft Visual Studio Solution File, Format Version 12.00
# Visual Studio Version 17
VisualStudioVersion = 17.7.34031.279
MinimumVisualStudioVersion = 10.0.40219.1
Project("{8BC9CEB8-8B4A-11D0-8D11-00A0C91BC942}") = "CatCompanion", "CatCompanion\CatCompanion.vcxproj", "{B0019878-6D2E-48F5-9FD0-7FD2576B812B}"
EndProject
Project("{8BC9CEB8-8B4A-11D0-8D11-00A0C91BC942}") = "Engine", "Engine\Engine.vcxproj", "{E46CE4A5-3E8D-47F1-8CB1-1DB59BAD7332}"
EndProject
Global
	GlobalSection(SolutionConfigurationPlatforms) = preSolution
		Debug|x86 = Debug|x86
		Debug|x64 = Debug|x64
		Release|x86 = Release|x86
		Release|x64 = Release|x64
	EndGlobalSection
	GlobalSection(ProjectConfigurationPlatforms) = postSolution
		{E46CE4A5-3E8D-47F1-8CB1-1DB59BAD7332}.Debug|x86.ActiveCfg = Debug|Win32
		{E46CE4A5-3E8D-47F1-8CB1-1DB59BAD7332}.Debug|x86.Build.0 = Debug|Win32
		{E46CE4A5-3E8D-47F1-8CB1-1DB59BAD7332}.Debug|x64.ActiveCfg = Debug|x64
		{E46CE4A5-3E8D-47F1-8CB1-1DB59BAD7332}.Debug|x64.Build.0 = Debug|x64
		{E46CE4A5-3E8D-47F1-8CB1-1DB59BAD7332}.Release|x86.ActiveCfg = Release|Win32
		{E46CE4A5-3E8D-47F1-8CB1-1DB59BAD7332}.Release|x86.Build.0 = Release|Win32
		{E46CE4A5-3E8D-47F1-8CB1-1DB59BAD7332}.Release|x64.ActiveCfg = Release|x64
		{E46CE4A5-3E8D-47F1-8CB1-1DB59BAD7332}.Release|x64.Build.0 = Release|x64
		{B0019878-6D2E-48F5-9FD0-7FD2576B812B}.Debug|x86.ActiveCfg = Debug|Win32
		{B0019878-6D2E-48F5-9FD0-7FD2576B812B}.Debug|x86.Build.0 = Debug|Win32
		{B0019878-6D2E-48F5-9FD0-7FD2576B812B}.Debug|x64.ActiveCfg = Debug|x64
		{B0019878-6D2E-48F5-9FD0-7FD2576B812B}.Debug|x64.Build.0 = Debug|x64
		{B0019878-6D2E-48F5-9FD0-7FD2576B812B}.Release|x86.ActiveCfg = Release|Win32
		{B0019878-6D2E-48F5-9FD0-7FD2576B812B}.Release|x86.Build.0 = Release|Win32
		{B0019878-6D2E-48F5-9FD0-7FD2576B812B}.Release|x64.ActiveCfg = Release|x64
		{B0019878-6D2E-48F5-9FD0-7FD2576B812B}.Release|x64.Build.0 = Release|x64
	EndGlobalSection
	GlobalSection(SolutionProperties) = preSolution
		HideSolutionNode = FALSE
	EndGlobalSection
	GlobalSection(ExtensibilityGlobals) = postSolution
		SolutionGuid = {417344D3-159B-4E73-B3BD-F72F32A773D4}
	EndGlobalSection
EndGlobal
